// !$*UTF8*$!
{
	archiveVersion = 1;
	classes = {
	};
	objectVersion = 56;
	objects = {

/* Begin PBXBuildFile section */
		1234567890ABCDEF0123456 /* AppDelegate.swift in Sources */ = {isa = PBXBuildFile; fileRef = 1234567890ABCDEF0123457 /* AppDelegate.swift */; };
		1234567890ABCDEF0123458 /* SceneDelegate.swift in Sources */ = {isa = PBXBuildFile; fileRef = 1234567890ABCDEF0123459 /* SceneDelegate.swift */; };
		1234567890ABCDEF012345A /* Constants.swift in Sources */ = {isa = PBXBuildFile; fileRef = 1234567890ABCDEF012345B /* Constants.swift */; };
		1234567890ABCDEF012345C /* SplashViewController.swift in Sources */ = {isa = PBXBuildFile; fileRef = 1234567890ABCDEF012345D /* SplashViewController.swift */; };
		1234567890ABCDEF012345E /* LoginViewController.swift in Sources */ = {isa = PBXBuildFile; fileRef = 1234567890ABCDEF012345F /* LoginViewController.swift */; };
		1234567890ABCDEF0123460 /* SignupViewController.swift in Sources */ = {isa = PBXBuildFile; fileRef = 1234567890ABCDEF0123461 /* SignupViewController.swift */; };
		1234567890ABCDEF0123462 /* MainTabBarController.swift in Sources */ = {isa = PBXBuildFile; fileRef = 1234567890ABCDEF0123463 /* MainTabBarController.swift */; };
		1234567890ABCDEF0123464 /* HomeViewController.swift in Sources */ = {isa = PBXBuildFile; fileRef = 1234567890ABCDEF0123465 /* HomeViewController.swift */; };
		1234567890ABCDEF0123466 /* RecordsViewController.swift in Sources */ = {isa = PBXBuildFile; fileRef = 1234567890ABCDEF0123467 /* RecordsViewController.swift */; };
		1234567890ABCDEF0123468 /* StatisticsViewController.swift in Sources */ = {isa = PBXBuildFile; fileRef = 1234567890ABCDEF0123469 /* StatisticsViewController.swift */; };
		1234567890ABCDEF012346A /* PhotosViewController.swift in Sources */ = {isa = PBXBuildFile; fileRef = 1234567890ABCDEF012346B /* PhotosViewController.swift */; };
		1234567890ABCDEF012346C /* AssistantViewController.swift in Sources */ = {isa = PBXBuildFile; fileRef = 1234567890ABCDEF012346D /* AssistantViewController.swift */; };
		1234567890ABCDEF012346E /* Assets.xcassets in Resources */ = {isa = PBXBuildFile; fileRef = 1234567890ABCDEF012346F /* Assets.xcassets */; };
		1234567890ABCDEF0123470 /* LaunchScreen.storyboard in Resources */ = {isa = PBXBuildFile; fileRef = 1234567890ABCDEF0123471 /* LaunchScreen.storyboard */; };
/* End PBXBuildFile section */

/* Begin PBXFileReference section */
		1234567890ABCDEF0123456 /* BabyTracker3.app */ = {isa = PBXFileReference; explicitFileType = wrapper.application; includeInIndex = 0; path = BabyTracker3.app; sourceTree = BUILT_PRODUCTS_DIR; };
		1234567890ABCDEF0123457 /* AppDelegate.swift */ = {isa = PBXFileReference; lastKnownFileType = sourcecode.swift; path = AppDelegate.swift; sourceTree = "<group>"; };
		1234567890ABCDEF0123459 /* SceneDelegate.swift */ = {isa = PBXFileReference; lastKnownFileType = sourcecode.swift; path = SceneDelegate.swift; sourceTree = "<group>"; };
		1234567890ABCDEF012345B /* Constants.swift */ = {isa = PBXFileReference; lastKnownFileType = sourcecode.swift; path = Constants.swift; sourceTree = "<group>"; };
		1234567890ABCDEF012345D /* SplashViewController.swift */ = {isa = PBXFileReference; lastKnownFileType = sourcecode.swift; path = SplashViewController.swift; sourceTree = "<group>"; };
		1234567890ABCDEF012345F /* LoginViewController.swift */ = {isa = PBXFileReference; lastKnownFileType = sourcecode.swift; path = LoginViewController.swift; sourceTree = "<group>"; };
		1234567890ABCDEF0123461 /* SignupViewController.swift */ = {isa = PBXFileReference; lastKnownFileType = sourcecode.swift; path = SignupViewController.swift; sourceTree = "<group>"; };
		1234567890ABCDEF0123463 /* MainTabBarController.swift */ = {isa = PBXFileReference; lastKnownFileType = sourcecode.swift; path = MainTabBarController.swift; sourceTree = "<group>"; };
		1234567890ABCDEF0123465 /* HomeViewController.swift */ = {isa = PBXFileReference; lastKnownFileType = sourcecode.swift; path = HomeViewController.swift; sourceTree = "<group>"; };
		1234567890ABCDEF0123467 /* RecordsViewController.swift */ = {isa = PBXFileReference; lastKnownFileType = sourcecode.swift; path = RecordsViewController.swift; sourceTree = "<group>"; };
		1234567890ABCDEF0123469 /* StatisticsViewController.swift */ = {isa = PBXFileReference; lastKnownFileType = sourcecode.swift; path = StatisticsViewController.swift; sourceTree = "<group>"; };
		1234567890ABCDEF012346B /* PhotosViewController.swift */ = {isa = PBXFileReference; lastKnownFileType = sourcecode.swift; path = PhotosViewController.swift; sourceTree = "<group>"; };
		1234567890ABCDEF012346D /* AssistantViewController.swift */ = {isa = PBXFileReference; lastKnownFileType = sourcecode.swift; path = AssistantViewController.swift; sourceTree = "<group>"; };
		1234567890ABCDEF012346F /* Assets.xcassets */ = {isa = PBXFileReference; lastKnownFileType = folder.assetcatalog; path = Assets.xcassets; sourceTree = "<group>"; };
		1234567890ABCDEF0123472 /* Base */ = {isa = PBXFileReference; lastKnownFileType = file.storyboard; name = Base; path = Base.lproj/LaunchScreen.storyboard; sourceTree = "<group>"; };
		1234567890ABCDEF0123474 /* Info.plist */ = {isa = PBXFileReference; lastKnownFileType = text.plist.xml; path = Info.plist; sourceTree = "<group>"; };
/* End PBXFileReference section */

/* Begin PBXFrameworksBuildPhase section */
		1234567890ABCDEF0123475 /* Frameworks */ = {
			isa = PBXFrameworksBuildPhase;
			buildActionMask = 2147483647;
			files = (
			);
			runOnlyForDeploymentPostprocessing = 0;
		};
/* End PBXFrameworksBuildPhase section */

/* Begin PBXGroup section */
		1234567890ABCDEF0123476 /* Products */ = {
			isa = PBXGroup;
			children = (
				1234567890ABCDEF0123456 /* BabyTracker3.app */,
			);
			name = Products;
			sourceTree = "<group>";
		};
		1234567890ABCDEF0123477 = {
			isa = PBXGroup;
			children = (
				1234567890ABCDEF0123478 /* BabyTracker3 */,
				1234567890ABCDEF0123476 /* Products */,
			);
			sourceTree = "<group>";
		};
		1234567890ABCDEF0123478 /* BabyTracker3 */ = {
			isa = PBXGroup;
			children = (
				1234567890ABCDEF0123479 /* Utils */,
				1234567890ABCDEF012347A /* Views */,
				1234567890ABCDEF0123457 /* AppDelegate.swift */,
				1234567890ABCDEF0123459 /* SceneDelegate.swift */,
				1234567890ABCDEF012346F /* Assets.xcassets */,
				1234567890ABCDEF0123471 /* LaunchScreen.storyboard */,
				1234567890ABCDEF0123474 /* Info.plist */,
			);
			path = BabyTracker3;
			sourceTree = "<group>";
		};
		1234567890ABCDEF0123479 /* Utils */ = {
			isa = PBXGroup;
			children = (
				1234567890ABCDEF012345B /* Constants.swift */,
			);
			path = Utils;
			sourceTree = "<group>";
		};
		1234567890ABCDEF012347A /* Views */ = {
			isa = PBXGroup;
			children = (
				1234567890ABCDEF012345D /* SplashViewController.swift */,
				1234567890ABCDEF012345F /* LoginViewController.swift */,
				1234567890ABCDEF0123461 /* SignupViewController.swift */,
				1234567890ABCDEF0123463 /* MainTabBarController.swift */,
				1234567890ABCDEF0123465 /* HomeViewController.swift */,
				1234567890ABCDEF0123467 /* RecordsViewController.swift */,
				1234567890ABCDEF0123469 /* StatisticsViewController.swift */,
				1234567890ABCDEF012346B /* PhotosViewController.swift */,
				1234567890ABCDEF012346D /* AssistantViewController.swift */,
			);
			path = Views;
			sourceTree = "<group>";
		};
/* End PBXGroup section */

/* Begin PBXNativeTarget section */
		1234567890ABCDEF012347B /* BabyTracker3 */ = {
			isa = PBXNativeTarget;
			buildConfigurationList = 1234567890ABCDEF012347C /* Build configuration list for PBXNativeTarget "BabyTracker3" */;
			buildPhases = (
				1234567890ABCDEF0123475 /* Frameworks */,
				1234567890ABCDEF012347D /* Sources */,
				1234567890ABCDEF012347E /* Resources */,
			);
			buildRules = (
			);
			dependencies = (
			);
			name = BabyTracker3;
			productName = BabyTracker3;
			productReference = 1234567890ABCDEF0123456 /* BabyTracker3.app */;
			productType = "com.apple.product-type.application";
		};
/* End PBXNativeTarget section */

/* Begin PBXProject section */
		1234567890ABCDEF012347F /* Project object */ = {
			isa = PBXProject;
			attributes = {
				BuildIndependentTargetsInParallel = 1;
				LastSwiftUpdateCheck = 1430;
				LastUpgradeCheck = 1430;
				TargetAttributes = {
					1234567890ABCDEF012347B = {
						CreatedOnToolsVersion = 14.3;
					};
				};
			};
			buildConfigurationList = 1234567890ABCDEF0123480 /* Build configuration list for PBXProject "BabyTracker3" */;
			compatibilityVersion = "Xcode 14.0";
			developmentRegion = en;
			hasScannedForEncodings = 0;
			knownRegions = (
				en,
				Base,
			);
			mainGroup = 1234567890ABCDEF0123477;
			productRefGroup = 1234567890ABCDEF0123476 /* Products */;
			projectDirPath = "";
			projectRoot = "";
			targets = (
				1234567890ABCDEF012347B /* BabyTracker3 */,
			);
		};
/* End PBXProject section */

/* Begin PBXResourcesBuildPhase section */
		1234567890ABCDEF012347E /* Resources */ = {
			isa = PBXResourcesBuildPhase;
			buildActionMask = 2147483647;
			files = (
				1234567890ABCDEF0123470 /* LaunchScreen.storyboard in Resources */,
				1234567890ABCDEF012346E /* Assets.xcassets in Resources */,
			);
			runOnlyForDeploymentPostprocessing = 0;
		};
/* End PBXResourcesBuildPhase section */

/* Begin PBXSourcesBuildPhase section */
		1234567890ABCDEF012347D /* Sources */ = {
			isa = PBXSourcesBuildPhase;
			buildActionMask = 2147483647;
			files = (
				1234567890ABCDEF012345E /* LoginViewController.swift in Sources */,
				1234567890ABCDEF0123464 /* HomeViewController.swift in Sources */,
				1234567890ABCDEF0123468 /* StatisticsViewController.swift in Sources */,
				1234567890ABCDEF012346C /* AssistantViewController.swift in Sources */,
				1234567890ABCDEF0123460 /* SignupViewController.swift in Sources */,
				1234567890ABCDEF0123466 /* RecordsViewController.swift in Sources */,
				1234567890ABCDEF012345C /* SplashViewController.swift in Sources */,
				1234567890ABCDEF012346A /* PhotosViewController.swift in Sources */,
				1234567890ABCDEF0123462 /* MainTabBarController.swift in Sources */,
				1234567890ABCDEF012345A /* Constants.swift in Sources */,
				1234567890ABCDEF0123458 /* SceneDelegate.swift in Sources */,
				1234567890ABCDEF0123456 /* AppDelegate.swift in Sources */,
			);
			runOnlyForDeploymentPostprocessing = 0;
		};
/* End PBXSourcesBuildPhase section */

/* Begin PBXVariantGroup section */
		1234567890ABCDEF0123471 /* LaunchScreen.storyboard */ = {
			isa = PBXVariantGroup;
			children = (
				1234567890ABCDEF0123472 /* Base */,
			);
			name = LaunchScreen.storyboard;
			sourceTree = "<group>";
		};
/* End PBXVariantGroup section */

/* Begin XCBuildConfiguration section */
		1234567890ABCDEF0123481 /* Debug */ = {
			isa = XCBuildConfiguration;
			buildSettings = {
				ALWAYS_SEARCH_USER_PATHS = NO;
				CLANG_ANALYZER_NONNULL = YES;
				CLANG_ANALYZER_NUMBER_OBJECT_CONVERSION = YES_AGGRESSIVE;
				CLANG_CXX_LANGUAGE_STANDARD = "gnu++20";
				CLANG_ENABLE_MODULES = YES;
				CLANG_ENABLE_OBJC_ARC = YES;
				CLANG_ENABLE_OBJC_WEAK = YES;
				CLANG_WARN_BLOCK_CAPTURE_AUTORELEASING = YES;
				CLANG_WARN_BOOL_CONVERSION = YES;
				CLANG_WARN_COMMA = YES;
				CLANG_WARN_CONSTANT_CONVERSION = YES;
				CLANG_WARN_DEPRECATED_OBJC_IMPLEMENTATIONS = YES;
				CLANG_WARN_DIRECT_OBJC_ISA_USAGE = YES_ERROR;
				CLANG_WARN_DOCUMENTATION_COMMENTS = YES;
				CLANG_WARN_EMPTY_BODY = YES;
				CLANG_WARN_ENUM_CONVERSION = YES;
				CLANG_WARN_INFINITE_RECURSION = YES;
				CLANG_WARN_INT_CONVERSION = YES;
				CLANG_WARN_NON_LITERAL_NULL_CONVERSION = YES;
				CLANG_WARN_OBJC_IMPLICIT_RETAIN_SELF = YES;
				CLANG_WARN_OBJC_LITERAL_CONVERSION = YES;
				CLANG_WARN_OBJC_ROOT_CLASS = YES_ERROR;
				CLANG_WARN_QUOTED_INCLUDE_IN_FRAMEWORK_HEADER = YES;
				CLANG_WARN_RANGE_LOOP_ANALYSIS = YES;
				CLANG_WARN_STRICT_PROTOTYPES = YES;
				CLANG_WARN_SUSPICIOUS_MOVE = YES;
				CLANG_WARN_UNGUARDED_AVAILABILITY = YES_AGGRESSIVE;
				CLANG_WARN_UNREACHABLE_CODE = YES;
				CLANG_WARN__DUPLICATE_METHOD_MATCH = YES;
				COPY_PHASE_STRIP = NO;
				DEBUG_INFORMATION_FORMAT = dwarf;
				ENABLE_STRICT_OBJC_MSGSEND = YES;
				ENABLE_TESTABILITY = YES;
				GCC_C_LANGUAGE_STANDARD = gnu11;
				GCC_DYNAMIC_NO_PIC = NO;
				GCC_NO_COMMON_BLOCKS = YES;
				GCC_OPTIMIZATION_LEVEL = 0;
				GCC_PREPROCESSOR_DEFINITIONS = (
					"DEBUG=1",
					"$(inherited)",
				);
				GCC_WARN_64_TO_32_BIT_CONVERSION = YES;
				GCC_WARN_ABOUT_RETURN_TYPE = YES_ERROR;
				GCC_WARN_UNDECLARED_SELECTOR = YES;
				GCC_WARN_UNINITIALIZED_AUTOS = YES_AGGRESSIVE;
				GCC_WARN_UNUSED_FUNCTION = YES;
				GCC_WARN_UNUSED_VARIABLE = YES;
				IPHONEOS_DEPLOYMENT_TARGET = 16.4;
				MTL_ENABLE_DEBUG_INFO = INCLUDE_SOURCE;
				MTL_FAST_MATH = YES;
				ONLY_ACTIVE_ARCH = YES;
				SDKROOT = iphoneos;
				SWIFT_ACTIVE_COMPILATION_CONDITIONS = DEBUG;
				SWIFT_OPTIMIZATION_LEVEL = "-Onone";
			};
			name = Debug;
		};
		1234567890ABCDEF0123482 /* Release */ = {
			isa = XCBuildConfiguration;
			buildSettings = {
				ALWAYS_SEARCH_USER_PATHS = NO;
				CLANG_ANALYZER_NONNULL = YES;
				CLANG_ANALYZER_NUMBER_OBJECT_CONVERSION = YES_AGGRESSIVE;
				CLANG_CXX_LANGUAGE_STANDARD = "gnu++20";
				CLANG_ENABLE_MODULES = YES;
				CLANG_ENABLE_OBJC_ARC = YES;
				CLANG_ENABLE_OBJC_WEAK = YES;
				CLANG_WARN_BLOCK_CAPTURE_AUTORELEASING = YES;
				CLANG_WARN_BOOL_CONVERSION = YES;
				CLANG_WARN_COMMA = YES;
				CLANG_WARN_CONSTANT_CONVERSION = YES;
				CLANG_WARN_DEPRECATED_OBJC_IMPLEMENTATIONS = YES;
				CLANG_WARN_DIRECT_OBJC_ISA_USAGE = YES_ERROR;
				CLANG_WARN_DOCUMENTATION_COMMENTS = YES;
				CLANG_WARN_EMPTY_BODY = YES;
				CLANG_WARN_ENUM_CONVERSION = YES;
				CLANG_WARN_INFINITE_RECURSION = YES;
				CLANG_WARN_INT_CONVERSION = YES;
				CLANG_WARN_NON_LITERAL_NULL_CONVERSION = YES;
				CLANG_WARN_OBJC_IMPLICIT_RETAIN_SELF = YES;
				CLANG_WARN_OBJC_LITERAL_CONVERSION = YES;
				CLANG_WARN_OBJC_ROOT_CLASS = YES_ERROR;
				CLANG_WARN_QUOTED_INCLUDE_IN_FRAMEWORK_HEADER = YES;
				CLANG_WARN_RANGE_LOOP_ANALYSIS = YES;
				CLANG_WARN_STRICT_PROTOTYPES = YES;
				CLANG_WARN_SUSPICIOUS_MOVE = YES;
				CLANG_WARN_UNGUARDED_AVAILABILITY = YES_AGGRESSIVE;
				CLANG_WARN_UNREACHABLE_CODE = YES;
				CLANG_WARN__DUPLICATE_METHOD_MATCH = YES;
				COPY_PHASE_STRIP = NO;
				DEBUG_INFORMATION_FORMAT = "dwarf-with-dsym";
				ENABLE_NS_ASSERTIONS = NO;
				ENABLE_STRICT_OBJC_MSGSEND = YES;
				GCC_C_LANGUAGE_STANDARD = gnu11;
				GCC_NO_COMMON_BLOCKS = YES;
				GCC_WARN_64_TO_32_BIT_CONVERSION = YES;
				GCC_WARN_ABOUT_RETURN_TYPE = YES_ERROR;
				GCC_WARN_UNDECLARED_SELECTOR = YES;
				GCC_WARN_UNINITIALIZED_AUTOS = YES_AGGRESSIVE;
				GCC_WARN_UNUSED_FUNCTION = YES;
				GCC_WARN_UNUSED_VARIABLE = YES;
				IPHONEOS_DEPLOYMENT_TARGET = 16.4;
				MTL_ENABLE_DEBUG_INFO = NO;
				MTL_FAST_MATH = YES;
				SDKROOT = iphoneos;
				SWIFT_COMPILATION_MODE = wholemodule;
				SWIFT_OPTIMIZATION_LEVEL = "-O";
				VALIDATE_PRODUCT = YES;
			};
			name = Release;
		};
		1234567890ABCDEF0123483 /* Debug */ = {
			isa = XCBuildConfiguration;
			buildSettings = {
				ASSETCATALOG_COMPILER_APPICON_NAME = AppIcon;
				ASSETCATALOG_COMPILER_GLOBAL_ACCENT_COLOR_NAME = AccentColor;
				CODE_SIGN_STYLE = Automatic;
				CURRENT_PROJECT_VERSION = 1;
				DEVELOPMENT_TEAM = "";
				GENERATE_INFOPLIST_FILE = YES;
				INFOPLIST_FILE = BabyTracker3/Info.plist;
				INFOPLIST_KEY_UIApplicationSupportsIndirectInputEvents = YES;
				INFOPLIST_KEY_UILaunchStoryboardName = LaunchScreen;
				INFOPLIST_KEY_UISupportedInterfaceOrientations_iPad = "UIInterfaceOrientationPortrait UIInterfaceOrientationPortraitUpsideDown UIInterfaceOrientationLandscapeLeft UIInterfaceOrientationLandscapeRight";
				INFOPLIST_KEY_UISupportedInterfaceOrientations_iPhone = "UIInterfaceOrientationPortrait UIInterfaceOrientationLandscapeLeft UIInterfaceOrientationLandscapeRight";
				LD_RUNPATH_SEARCH_PATHS = (
					"$(inherited)",
					"@executable_path/Frameworks",
				);
				MARKETING_VERSION = 1.0;
				PRODUCT_BUNDLE_IDENTIFIER = com.example.BabyTracker3;
				PRODUCT_NAME = "$(TARGET_NAME)";
				SWIFT_EMIT_LOC_STRINGS = YES;
				SWIFT_VERSION = 5.0;
				TARGETED_DEVICE_FAMILY = "1,2";
			};
			name = Debug;
		};
		1234567890ABCDEF0123484 /* Release */ = {
			isa = XCBuildConfiguration;
			buildSettings = {
				ASSETCATALOG_COMPILER_APPICON_NAME = AppIcon;
				ASSETCATALOG_COMPILER_GLOBAL_ACCENT_COLOR_NAME = AccentColor;
				CODE_SIGN_STYLE = Automatic;
				CURRENT_PROJECT_VERSION = 1;
				DEVELOPMENT_TEAM = "";
				GENERATE_INFOPLIST_FILE = YES;
				INFOPLIST_FILE = BabyTracker3/Info.plist;
				INFOPLIST_KEY_UIApplicationSupportsIndirectInputEvents = YES;
				INFOPLIST_KEY_UILaunchStoryboardName = LaunchScreen;
				INFOPLIST_KEY_UISupportedInterfaceOrientations_iPad = "UIInterfaceOrientationPortrait UIInterfaceOrientationPortraitUpsideDown UIInterfaceOrientationLandscapeLeft UIInterfaceOrientationLandscapeRight";
				INFOPLIST_KEY_UISupportedInterfaceOrientations_iPhone = "UIInterfaceOrientationPortrait UIInterfaceOrientationLandscapeLeft UIInterfaceOrientationLandscapeRight";
				LD_RUNPATH_SEARCH_PATHS = (
					"$(inherited)",
					"@executable_path/Frameworks",
				);
				MARKETING_VERSION = 1.0;
				PRODUCT_BUNDLE_IDENTIFIER = com.example.BabyTracker3;
				PRODUCT_NAME = "$(TARGET_NAME)";
				SWIFT_EMIT_LOC_STRINGS = YES;
				SWIFT_VERSION = 5.0;
				TARGETED_DEVICE_FAMILY = "1,2";
			};
			name = Release;
		};
/* End XCBuildConfiguration section */

/* Begin XCConfigurationList section */
		1234567890ABCDEF012347C /* Build configuration list for PBXNativeTarget "BabyTracker3" */ = {
			isa = XCConfigurationList;
			buildConfigurations = (
				1234567890ABCDEF0123483 /* Debug */,
				1234567890ABCDEF0123484 /* Release */,
			);
			defaultConfigurationIsVisible = 0;
			defaultConfigurationName = Release;
		};
		1234567890ABCDEF0123480 /* Build configuration list for PBXProject "BabyTracker3" */ = {
			isa = XCConfigurationList;
			buildConfigurations = (
				1234567890ABCDEF0123481 /* Debug */,
				1234567890ABCDEF0123482 /* Release */,
			);
			defaultConfigurationIsVisible = 0;
			defaultConfigurationName = Release;
		};
/* End XCConfigurationList section */
	};
	rootObject = 1234567890ABCDEF012347F /* Project object */;
} 