// !$*UTF8*$!
{
	archiveVersion = 1;
	classes = {
	};
	objectVersion = 56;
	objects = {

/* Begin PBXBuildFile section */
		A1234567890ABCDEF012345 /* AppDelegate.swift in Sources */ = {isa = PBXBuildFile; fileRef = B1234567890ABCDEF012345 /* AppDelegate.swift */; };
		A1234567890ABCDEF012346 /* SceneDelegate.swift in Sources */ = {isa = PBXBuildFile; fileRef = B1234567890ABCDEF012346 /* SceneDelegate.swift */; };
		A1234567890ABCDEF012347 /* Constants.swift in Sources */ = {isa = PBXBuildFile; fileRef = B1234567890ABCDEF012347 /* Constants.swift */; };
		A1234567890ABCDEF012348 /* SplashViewController.swift in Sources */ = {isa = PBXBuildFile; fileRef = B1234567890ABCDEF012348 /* SplashViewController.swift */; };
		A1234567890ABCDEF012349 /* LoginViewController.swift in Sources */ = {isa = PBXBuildFile; fileRef = B1234567890ABCDEF012349 /* LoginViewController.swift */; };
		A1234567890ABCDEF01234A /* SignupViewController.swift in Sources */ = {isa = PBXBuildFile; fileRef = B1234567890ABCDEF01234A /* SignupViewController.swift */; };
		A1234567890ABCDEF01234B /* MainTabBarController.swift in Sources */ = {isa = PBXBuildFile; fileRef = B1234567890ABCDEF01234B /* MainTabBarController.swift */; };
		A1234567890ABCDEF01234C /* HomeViewController.swift in Sources */ = {isa = PBXBuildFile; fileRef = B1234567890ABCDEF01234C /* HomeViewController.swift */; };
		A1234567890ABCDEF01234D /* RecordsViewController.swift in Sources */ = {isa = PBXBuildFile; fileRef = B1234567890ABCDEF01234D /* RecordsViewController.swift */; };
		A1234567890ABCDEF01234E /* StatisticsViewController.swift in Sources */ = {isa = PBXBuildFile; fileRef = B1234567890ABCDEF01234E /* StatisticsViewController.swift */; };
		A1234567890ABCDEF01234F /* PhotosViewController.swift in Sources */ = {isa = PBXBuildFile; fileRef = B1234567890ABCDEF01234F /* PhotosViewController.swift */; };
		A1234567890ABCDEF012350 /* AssistantViewController.swift in Sources */ = {isa = PBXBuildFile; fileRef = B1234567890ABCDEF012350 /* AssistantViewController.swift */; };
		A1234567890ABCDEF012351 /* CommunityViewController.swift in Sources */ = {isa = PBXBuildFile; fileRef = B1234567890ABCDEF012351 /* CommunityViewController.swift */; };
		A1234567890ABCDEF012352 /* SettingsViewController.swift in Sources */ = {isa = PBXBuildFile; fileRef = B1234567890ABCDEF012352 /* SettingsViewController.swift */; };
		A1234567890ABCDEF012353 /* NotificationsViewController.swift in Sources */ = {isa = PBXBuildFile; fileRef = B1234567890ABCDEF012353 /* NotificationsViewController.swift */; };
		A1234567890ABCDEF012354 /* DataExportViewController.swift in Sources */ = {isa = PBXBuildFile; fileRef = B1234567890ABCDEF012354 /* DataExportViewController.swift */; };
		A1234567890ABCDEF012355 /* BackupRestoreViewController.swift in Sources */ = {isa = PBXBuildFile; fileRef = B1234567890ABCDEF012355 /* BackupRestoreViewController.swift */; };
		A1234567890ABCDEF012356 /* Assets.xcassets in Resources */ = {isa = PBXBuildFile; fileRef = B1234567890ABCDEF012356 /* Assets.xcassets */; };
		A1234567890ABCDEF012357 /* LaunchScreen.storyboard in Resources */ = {isa = PBXBuildFile; fileRef = B1234567890ABCDEF012357 /* LaunchScreen.storyboard */; };
/* End PBXBuildFile section */

/* Begin PBXFileReference section */
		B1234567890ABCDEF012340 /* BabyTracker3.app */ = {isa = PBXFileReference; explicitFileType = wrapper.application; includeInIndex = 0; path = BabyTracker3.app; sourceTree = BUILT_PRODUCTS_DIR; };
		B1234567890ABCDEF012345 /* AppDelegate.swift */ = {isa = PBXFileReference; lastKnownFileType = sourcecode.swift; path = AppDelegate.swift; sourceTree = "<group>"; };
		B1234567890ABCDEF012346 /* SceneDelegate.swift */ = {isa = PBXFileReference; lastKnownFileType = sourcecode.swift; path = SceneDelegate.swift; sourceTree = "<group>"; };
		B1234567890ABCDEF012347 /* Constants.swift */ = {isa = PBXFileReference; lastKnownFileType = sourcecode.swift; path = Constants.swift; sourceTree = "<group>"; };
		B1234567890ABCDEF012348 /* SplashViewController.swift */ = {isa = PBXFileReference; lastKnownFileType = sourcecode.swift; path = SplashViewController.swift; sourceTree = "<group>"; };
		B1234567890ABCDEF012349 /* LoginViewController.swift */ = {isa = PBXFileReference; lastKnownFileType = sourcecode.swift; path = LoginViewController.swift; sourceTree = "<group>"; };
		B1234567890ABCDEF01234A /* SignupViewController.swift */ = {isa = PBXFileReference; lastKnownFileType = sourcecode.swift; path = SignupViewController.swift; sourceTree = "<group>"; };
		B1234567890ABCDEF01234B /* MainTabBarController.swift */ = {isa = PBXFileReference; lastKnownFileType = sourcecode.swift; path = MainTabBarController.swift; sourceTree = "<group>"; };
		B1234567890ABCDEF01234C /* HomeViewController.swift */ = {isa = PBXFileReference; lastKnownFileType = sourcecode.swift; path = HomeViewController.swift; sourceTree = "<group>"; };
		B1234567890ABCDEF01234D /* RecordsViewController.swift */ = {isa = PBXFileReference; lastKnownFileType = sourcecode.swift; path = RecordsViewController.swift; sourceTree = "<group>"; };
		B1234567890ABCDEF01234E /* StatisticsViewController.swift */ = {isa = PBXFileReference; lastKnownFileType = sourcecode.swift; path = StatisticsViewController.swift; sourceTree = "<group>"; };
		B1234567890ABCDEF01234F /* PhotosViewController.swift */ = {isa = PBXFileReference; lastKnownFileType = sourcecode.swift; path = PhotosViewController.swift; sourceTree = "<group>"; };
		B1234567890ABCDEF012350 /* AssistantViewController.swift */ = {isa = PBXFileReference; lastKnownFileType = sourcecode.swift; path = AssistantViewController.swift; sourceTree = "<group>"; };
		B1234567890ABCDEF012351 /* CommunityViewController.swift */ = {isa = PBXFileReference; lastKnownFileType = sourcecode.swift; path = CommunityViewController.swift; sourceTree = "<group>"; };
		B1234567890ABCDEF012352 /* SettingsViewController.swift */ = {isa = PBXFileReference; lastKnownFileType = sourcecode.swift; path = SettingsViewController.swift; sourceTree = "<group>"; };
		B1234567890ABCDEF012353 /* NotificationsViewController.swift */ = {isa = PBXFileReference; lastKnownFileType = sourcecode.swift; path = NotificationsViewController.swift; sourceTree = "<group>"; };
		B1234567890ABCDEF012354 /* DataExportViewController.swift */ = {isa = PBXFileReference; lastKnownFileType = sourcecode.swift; path = DataExportViewController.swift; sourceTree = "<group>"; };
		B1234567890ABCDEF012355 /* BackupRestoreViewController.swift */ = {isa = PBXFileReference; lastKnownFileType = sourcecode.swift; path = BackupRestoreViewController.swift; sourceTree = "<group>"; };
		B1234567890ABCDEF012356 /* Assets.xcassets */ = {isa = PBXFileReference; lastKnownFileType = folder.assetcatalog; path = Assets.xcassets; sourceTree = "<group>"; };
		B1234567890ABCDEF012358 /* Base */ = {isa = PBXFileReference; lastKnownFileType = file.storyboard; name = Base; path = Base.lproj/LaunchScreen.storyboard; sourceTree = "<group>"; };
		B1234567890ABCDEF012359 /* Info.plist */ = {isa = PBXFileReference; lastKnownFileType = text.plist.xml; path = Info.plist; sourceTree = "<group>"; };
/* End PBXFileReference section */

/* Begin PBXFrameworksBuildPhase section */
		C1234567890ABCDEF012340 /* Frameworks */ = {
			isa = PBXFrameworksBuildPhase;
			buildActionMask = 2147483647;
			files = (
			);
			runOnlyForDeploymentPostprocessing = 0;
		};
/* End PBXFrameworksBuildPhase section */

/* Begin PBXGroup section */
		D1234567890ABCDEF012340 = {
			isa = PBXGroup;
			children = (
				D1234567890ABCDEF012341 /* BabyTracker3 */,
				D1234567890ABCDEF012342 /* Products */,
			);
			sourceTree = "<group>";
		};
		D1234567890ABCDEF012341 /* BabyTracker3 */ = {
			isa = PBXGroup;
			children = (
				D1234567890ABCDEF012343 /* Utils */,
				D1234567890ABCDEF012344 /* Views */,
				B1234567890ABCDEF012345 /* AppDelegate.swift */,
				B1234567890ABCDEF012346 /* SceneDelegate.swift */,
				B1234567890ABCDEF012356 /* Assets.xcassets */,
				B1234567890ABCDEF012357 /* LaunchScreen.storyboard */,
				B1234567890ABCDEF012359 /* Info.plist */,
			);
			path = BabyTracker3;
			sourceTree = "<group>";
		};
		D1234567890ABCDEF012342 /* Products */ = {
			isa = PBXGroup;
			children = (
				B1234567890ABCDEF012340 /* BabyTracker3.app */,
			);
			name = Products;
			sourceTree = "<group>";
		};
		D1234567890ABCDEF012343 /* Utils */ = {
			isa = PBXGroup;
			children = (
				B1234567890ABCDEF012347 /* Constants.swift */,
			);
			path = Utils;
			sourceTree = "<group>";
		};
		D1234567890ABCDEF012344 /* Views */ = {
			isa = PBXGroup;
			children = (
				B1234567890ABCDEF012348 /* SplashViewController.swift */,
				B1234567890ABCDEF012349 /* LoginViewController.swift */,
				B1234567890ABCDEF01234A /* SignupViewController.swift */,
				B1234567890ABCDEF01234B /* MainTabBarController.swift */,
				B1234567890ABCDEF01234C /* HomeViewController.swift */,
				B1234567890ABCDEF01234D /* RecordsViewController.swift */,
				B1234567890ABCDEF01234E /* StatisticsViewController.swift */,
				B1234567890ABCDEF01234F /* PhotosViewController.swift */,
				B1234567890ABCDEF012350 /* AssistantViewController.swift */,
				B1234567890ABCDEF012351 /* CommunityViewController.swift */,
				B1234567890ABCDEF012352 /* SettingsViewController.swift */,
				B1234567890ABCDEF012353 /* NotificationsViewController.swift */,
				B1234567890ABCDEF012354 /* DataExportViewController.swift */,
				B1234567890ABCDEF012355 /* BackupRestoreViewController.swift */,
			);
			path = Views;
			sourceTree = "<group>";
		};
/* End PBXGroup section */

/* Begin PBXNativeTarget section */
		E1234567890ABCDEF012340 /* BabyTracker3 */ = {
			isa = PBXNativeTarget;
			buildConfigurationList = F1234567890ABCDEF012340 /* Build configuration list for PBXNativeTarget "BabyTracker3" */;
			buildPhases = (
				E1234567890ABCDEF012341 /* Sources */,
				C1234567890ABCDEF012340 /* Frameworks */,
				E1234567890ABCDEF012342 /* Resources */,
			);
			buildRules = (
			);
			dependencies = (
			);
			name = BabyTracker3;
			productName = BabyTracker3;
			productReference = B1234567890ABCDEF012340 /* BabyTracker3.app */;
			productType = "com.apple.product-type.application";
		};
/* End PBXNativeTarget section */

/* Begin PBXProject section */
		G1234567890ABCDEF012340 /* Project object */ = {
			isa = PBXProject;
			attributes = {
				BuildIndependentTargetsInParallel = 1;
				LastSwiftUpdateCheck = 1500;
				LastUpgradeCheck = 1500;
				TargetAttributes = {
					E1234567890ABCDEF012340 = {
						CreatedOnToolsVersion = 15.0;
					};
				};
			};
			buildConfigurationList = F1234567890ABCDEF012341 /* Build configuration list for PBXProject "BabyTracker3" */;
			compatibilityVersion = "Xcode 14.0";
			developmentRegion = en;
			hasScannedForEncodings = 0;
			knownRegions = (
				en,
				Base,
			);
			mainGroup = D1234567890ABCDEF012340;
			productRefGroup = D1234567890ABCDEF012342 /* Products */;
			projectDirPath = "";
			projectRoot = "";
			targets = (
				E1234567890ABCDEF012340 /* BabyTracker3 */,
			);
		};
/* End PBXProject section */

/* Begin PBXResourcesBuildPhase section */
		E1234567890ABCDEF012342 /* Resources */ = {
			isa = PBXResourcesBuildPhase;
			buildActionMask = 2147483647;
			files = (
				A1234567890ABCDEF012357 /* LaunchScreen.storyboard in Resources */,
				A1234567890ABCDEF012356 /* Assets.xcassets in Resources */,
			);
			runOnlyForDeploymentPostprocessing = 0;
		};
/* End PBXResourcesBuildPhase section */

/* Begin PBXSourcesBuildPhase section */
		E1234567890ABCDEF012341 /* Sources */ = {
			isa = PBXSourcesBuildPhase;
			buildActionMask = 2147483647;
			files = (
				A1234567890ABCDEF012345 /* AppDelegate.swift in Sources */,
				A1234567890ABCDEF012346 /* SceneDelegate.swift in Sources */,
				A1234567890ABCDEF012347 /* Constants.swift in Sources */,
				A1234567890ABCDEF012348 /* SplashViewController.swift in Sources */,
				A1234567890ABCDEF012349 /* LoginViewController.swift in Sources */,
				A1234567890ABCDEF01234A /* SignupViewController.swift in Sources */,
				A1234567890ABCDEF01234B /* MainTabBarController.swift in Sources */,
				A1234567890ABCDEF01234C /* HomeViewController.swift in Sources */,
				A1234567890ABCDEF01234D /* RecordsViewController.swift in Sources */,
				A1234567890ABCDEF01234E /* StatisticsViewController.swift in Sources */,
				A1234567890ABCDEF01234F /* PhotosViewController.swift in Sources */,
				A1234567890ABCDEF012350 /* AssistantViewController.swift in Sources */,
				A1234567890ABCDEF012351 /* CommunityViewController.swift in Sources */,
				A1234567890ABCDEF012352 /* SettingsViewController.swift in Sources */,
				A1234567890ABCDEF012353 /* NotificationsViewController.swift in Sources */,
				A1234567890ABCDEF012354 /* DataExportViewController.swift in Sources */,
				A1234567890ABCDEF012355 /* BackupRestoreViewController.swift in Sources */,
			);
			runOnlyForDeploymentPostprocessing = 0;
		};
/* End PBXSourcesBuildPhase section */

/* Begin PBXVariantGroup section */
		B1234567890ABCDEF012357 /* LaunchScreen.storyboard */ = {
			isa = PBXVariantGroup;
			children = (
				B1234567890ABCDEF012358 /* Base */,
			);
			name = LaunchScreen.storyboard;
			sourceTree = "<group>";
		};
/* End PBXVariantGroup section */

/* Begin XCBuildConfiguration section */
		H1234567890ABCDEF012340 /* Debug */ = {
			isa = XCBuildConfiguration;
			buildSettings = {
				ALWAYS_SEARCH_USER_PATHS = NO;
				CLANG_ANALYZER_NONNULL = YES;
				CLANG_ANALYZER_NUMBER_OBJECT_CONVERSION = YES_AGGRESSIVE;
				CLANG_CXX_LANGUAGE_STANDARD = "gnu++20";
				CLANG_ENABLE_MODULES = YES;
				CLANG_ENABLE_OBJC_ARC = YES;
				CLANG_ENABLE_OBJC_WEAK = YES;
				CLANG_WARN_BLOCK_CAPTURE_AUTORELEASING = YES;
				CLANG_WARN_BOOL_CONVERSION = YES;
				CLANG_WARN_COMMA = YES;
				CLANG_WARN_CONSTANT_CONVERSION = YES;
				CLANG_WARN_DEPRECATED_OBJC_IMPLEMENTATIONS = YES;
				CLANG_WARN_DIRECT_OBJC_ISA_USAGE = YES_ERROR;
				CLANG_WARN_DOCUMENTATION_COMMENTS = YES;
				CLANG_WARN_EMPTY_BODY = YES;
				CLANG_WARN_ENUM_CONVERSION = YES;
				CLANG_WARN_INFINITE_RECURSION = YES;
				CLANG_WARN_INT_CONVERSION = YES;
				CLANG_WARN_NON_LITERAL_NULL_CONVERSION = YES;
				CLANG_WARN_OBJC_IMPLICIT_RETAIN_SELF = YES;
				CLANG_WARN_OBJC_LITERAL_CONVERSION = YES;
				CLANG_WARN_OBJC_ROOT_CLASS = YES_ERROR;
				CLANG_WARN_QUOTED_INCLUDE_IN_FRAMEWORK_HEADER = YES;
				CLANG_WARN_RANGE_LOOP_ANALYSIS = YES;
				CLANG_WARN_STRICT_PROTOTYPES = YES;
				CLANG_WARN_SUSPICIOUS_MOVE = YES;
				CLANG_WARN_UNGUARDED_AVAILABILITY = YES_AGGRESSIVE;
				CLANG_WARN_UNREACHABLE_CODE = YES;
				CLANG_WARN__DUPLICATE_METHOD_MATCH = YES;
				COPY_PHASE_STRIP = NO;
				DEBUG_INFORMATION_FORMAT = dwarf;
				ENABLE_STRICT_OBJC_MSGSEND = YES;
				ENABLE_TESTABILITY = YES;
				GCC_C_LANGUAGE_STANDARD = gnu11;
				GCC_DYNAMIC_NO_PIC = NO;
				GCC_NO_COMMON_BLOCKS = YES;
				GCC_OPTIMIZATION_LEVEL = 0;
				GCC_PREPROCESSOR_DEFINITIONS = (
					"DEBUG=1",
					"$(inherited)",
				);
				GCC_WARN_64_TO_32_BIT_CONVERSION = YES;
				GCC_WARN_ABOUT_RETURN_TYPE = YES_ERROR;
				GCC_WARN_UNDECLARED_SELECTOR = YES;
				GCC_WARN_UNINITIALIZED_AUTOS = YES_AGGRESSIVE;
				GCC_WARN_UNUSED_FUNCTION = YES;
				GCC_WARN_UNUSED_VARIABLE = YES;
				IPHONEOS_DEPLOYMENT_TARGET = 16.0;
				MTL_ENABLE_DEBUG_INFO = INCLUDE_SOURCE;
				MTL_FAST_MATH = YES;
				ONLY_ACTIVE_ARCH = YES;
				SDKROOT = iphoneos;
				SWIFT_ACTIVE_COMPILATION_CONDITIONS = DEBUG;
				SWIFT_OPTIMIZATION_LEVEL = "-Onone";
			};
			name = Debug;
		};
		H1234567890ABCDEF012341 /* Release */ = {
			isa = XCBuildConfiguration;
			buildSettings = {
				ALWAYS_SEARCH_USER_PATHS = NO;
				CLANG_ANALYZER_NONNULL = YES;
				CLANG_ANALYZER_NUMBER_OBJECT_CONVERSION = YES_AGGRESSIVE;
				CLANG_CXX_LANGUAGE_STANDARD = "gnu++20";
				CLANG_ENABLE_MODULES = YES;
				CLANG_ENABLE_OBJC_ARC = YES;
				CLANG_ENABLE_OBJC_WEAK = YES;
				CLANG_WARN_BLOCK_CAPTURE_AUTORELEASING = YES;
				CLANG_WARN_BOOL_CONVERSION = YES;
				CLANG_WARN_COMMA = YES;
				CLANG_WARN_CONSTANT_CONVERSION = YES;
				CLANG_WARN_DEPRECATED_OBJC_IMPLEMENTATIONS = YES;
				CLANG_WARN_DIRECT_OBJC_ISA_USAGE = YES_ERROR;
				CLANG_WARN_DOCUMENTATION_COMMENTS = YES;
				CLANG_WARN_EMPTY_BODY = YES;
				CLANG_WARN_ENUM_CONVERSION = YES;
				CLANG_WARN_INFINITE_RECURSION = YES;
				CLANG_WARN_INT_CONVERSION = YES;
				CLANG_WARN_NON_LITERAL_NULL_CONVERSION = YES;
				CLANG_WARN_OBJC_IMPLICIT_RETAIN_SELF = YES;
				CLANG_WARN_OBJC_LITERAL_CONVERSION = YES;
				CLANG_WARN_OBJC_ROOT_CLASS = YES_ERROR;
				CLANG_WARN_QUOTED_INCLUDE_IN_FRAMEWORK_HEADER = YES;
				CLANG_WARN_RANGE_LOOP_ANALYSIS = YES;
				CLANG_WARN_STRICT_PROTOTYPES = YES;
				CLANG_WARN_SUSPICIOUS_MOVE = YES;
				CLANG_WARN_UNGUARDED_AVAILABILITY = YES_AGGRESSIVE;
				CLANG_WARN_UNREACHABLE_CODE = YES;
				CLANG_WARN__DUPLICATE_METHOD_MATCH = YES;
				COPY_PHASE_STRIP = NO;
				DEBUG_INFORMATION_FORMAT = "dwarf-with-dsym";
				ENABLE_NS_ASSERTIONS = NO;
				ENABLE_STRICT_OBJC_MSGSEND = YES;
				GCC_C_LANGUAGE_STANDARD = gnu11;
				GCC_NO_COMMON_BLOCKS = YES;
				GCC_WARN_64_TO_32_BIT_CONVERSION = YES;
				GCC_WARN_ABOUT_RETURN_TYPE = YES_ERROR;
				GCC_WARN_UNDECLARED_SELECTOR = YES;
				GCC_WARN_UNINITIALIZED_AUTOS = YES_AGGRESSIVE;
				GCC_WARN_UNUSED_FUNCTION = YES;
				GCC_WARN_UNUSED_VARIABLE = YES;
				IPHONEOS_DEPLOYMENT_TARGET = 16.0;
				MTL_ENABLE_DEBUG_INFO = NO;
				MTL_FAST_MATH = YES;
				SDKROOT = iphoneos;
				SWIFT_COMPILATION_MODE = wholemodule;
				SWIFT_OPTIMIZATION_LEVEL = "-O";
				VALIDATE_PRODUCT = YES;
			};
			name = Release;
		};
		H1234567890ABCDEF012342 /* Debug */ = {
			isa = XCBuildConfiguration;
			buildSettings = {
				ASSETCATALOG_COMPILER_APPICON_NAME = AppIcon;
				ASSETCATALOG_COMPILER_GLOBAL_ACCENT_COLOR_NAME = AccentColor;
				CODE_SIGN_STYLE = Automatic;
				CURRENT_PROJECT_VERSION = 1;
				GENERATE_INFOPLIST_FILE = YES;
				INFOPLIST_FILE = BabyTracker3/Info.plist;
				INFOPLIST_KEY_UIApplicationSupportsIndirectInputEvents = YES;
				INFOPLIST_KEY_UILaunchStoryboardName = LaunchScreen;
				INFOPLIST_KEY_UISupportedInterfaceOrientations_iPad = "UIInterfaceOrientationPortrait UIInterfaceOrientationPortraitUpsideDown UIInterfaceOrientationLandscapeLeft UIInterfaceOrientationLandscapeRight";
				INFOPLIST_KEY_UISupportedInterfaceOrientations_iPhone = "UIInterfaceOrientationPortrait UIInterfaceOrientationLandscapeLeft UIInterfaceOrientationLandscapeRight";
				IPHONEOS_DEPLOYMENT_TARGET = 16.0;
				LD_RUNPATH_SEARCH_PATHS = (
					"$(inherited)",
					"@executable_path/Frameworks",
				);
				MARKETING_VERSION = 1.0;
				PRODUCT_BUNDLE_IDENTIFIER = com.babytracker.BabyTracker3;
				PRODUCT_NAME = "$(TARGET_NAME)";
				SWIFT_EMIT_LOC_STRINGS = YES;
				SWIFT_VERSION = 5.0;
				TARGETED_DEVICE_FAMILY = "1,2";
			};
			name = Debug;
		};
		H1234567890ABCDEF012343 /* Release */ = {
			isa = XCBuildConfiguration;
			buildSettings = {
				ASSETCATALOG_COMPILER_APPICON_NAME = AppIcon;
				ASSETCATALOG_COMPILER_GLOBAL_ACCENT_COLOR_NAME = AccentColor;
				CODE_SIGN_STYLE = Automatic;
				CURRENT_PROJECT_VERSION = 1;
				GENERATE_INFOPLIST_FILE = YES;
				INFOPLIST_FILE = BabyTracker3/Info.plist;
				INFOPLIST_KEY_UIApplicationSupportsIndirectInputEvents = YES;
				INFOPLIST_KEY_UILaunchStoryboardName = LaunchScreen;
				INFOPLIST_KEY_UISupportedInterfaceOrientations_iPad = "UIInterfaceOrientationPortrait UIInterfaceOrientationPortraitUpsideDown UIInterfaceOrientationLandscapeLeft UIInterfaceOrientationLandscapeRight";
				INFOPLIST_KEY_UISupportedInterfaceOrientations_iPhone = "UIInterfaceOrientationPortrait UIInterfaceOrientationLandscapeLeft UIInterfaceOrientationLandscapeRight";
				IPHONEOS_DEPLOYMENT_TARGET = 16.0;
				LD_RUNPATH_SEARCH_PATHS = (
					"$(inherited)",
					"@executable_path/Frameworks",
				);
				MARKETING_VERSION = 1.0;
				PRODUCT_BUNDLE_IDENTIFIER = com.babytracker.BabyTracker3;
				PRODUCT_NAME = "$(TARGET_NAME)";
				SWIFT_EMIT_LOC_STRINGS = YES;
				SWIFT_VERSION = 5.0;
				TARGETED_DEVICE_FAMILY = "1,2";
			};
			name = Release;
		};
/* End XCBuildConfiguration section */

/* Begin XCConfigurationList section */
		F1234567890ABCDEF012340 /* Build configuration list for PBXNativeTarget "BabyTracker3" */ = {
			isa = XCConfigurationList;
			buildConfigurations = (
				H1234567890ABCDEF012342 /* Debug */,
				H1234567890ABCDEF012343 /* Release */,
			);
			defaultConfigurationIsVisible = 0;
			defaultConfigurationName = Release;
		};
		F1234567890ABCDEF012341 /* Build configuration list for PBXProject "BabyTracker3" */ = {
			isa = XCConfigurationList;
			buildConfigurations = (
				H1234567890ABCDEF012340 /* Debug */,
				H1234567890ABCDEF012341 /* Release */,
			);
			defaultConfigurationIsVisible = 0;
			defaultConfigurationName = Release;
		};
/* End XCConfigurationList section */
	};
	rootObject = G1234567890ABCDEF012340 /* Project object */;
} 